{
  "name": "canvas-template",
  "version": "1.0.0",
  "lockfileVersion": 3,
  "requires": true,
  "packages": {
    "": {
      "name": "canvas-template",
      "version": "1.0.0",
      "license": "UNLICENSED",
      "devDependencies": {
        "@livetime/compiler": "file:../../dist/compiler"
      }
    },
    "../../dist/compiler": {
      "name": "@livetime/compiler",
      "version": "0.0.125",
      "dev": true,
      "license": "UNLICENSED",
      "bin": {
        "livetime": "index.js"
      }
    },
    "node_modules/@livetime/compiler": {
      "resolved": "../../dist/compiler",
      "link": true
    }
  }
}
